
Microsoft Visual Studio Solution File, Format Version 12.00
# Visual Studio Version 17
VisualStudioVersion = 17.7.34031.279
MinimumVisualStudioVersion = 10.0.40219.1
Project("{FAE04EC0-301F-11D3-BF4B-00C04F79EFBC}") = "RamiloAlonsoSaraTarea3", "RamiloAlonsoSaraTarea3.csproj", "{E4053C8A-A256-4475-8F51-772D49B42F7C}"
EndProject
Global
	GlobalSection(SolutionConfigurationPlatforms) = preSolution
		Debug|Any CPU = Debug|Any CPU
		Release|Any CPU = Release|Any CPU
	EndGlobalSection
	GlobalSection(ProjectConfigurationPlatforms) = postSolution
		{E4053C8A-A256-4475-8F51-772D49B42F7C}.Debug|Any CPU.ActiveCfg = Debug|Any CPU
		{E4053C8A-A256-4475-8F51-772D49B42F7C}.Debug|Any CPU.Build.0 = Debug|Any CPU
		{E4053C8A-A256-4475-8F51-772D49B42F7C}.Release|Any CPU.ActiveCfg = Release|Any CPU
		{E4053C8A-A256-4475-8F51-772D49B42F7C}.Release|Any CPU.Build.0 = Release|Any CPU
	EndGlobalSection
	GlobalSection(SolutionProperties) = preSolution
		HideSolutionNode = FALSE
	EndGlobalSection
	GlobalSection(ExtensibilityGlobals) = postSolution
		SolutionGuid = {B5558D18-2D64-473D-A82A-028386E1C4F4}
	EndGlobalSection
EndGlobal
